
Microsoft Visual Studio Solution File, Format Version 12.00
# Visual Studio 15
VisualStudioVersion = 15.0.27703.2026
MinimumVisualStudioVersion = 10.0.40219.1
Project("{9A19103F-16F7-4668-BE54-9A1E7A4F7556}") = "BankingApplication", "BankingApplication\BankingApplication.csproj", "{95D98739-467C-45B7-A2DD-9AC3452C5B49}"
EndProject
Project("{FAE04EC0-301F-11D3-BF4B-00C04F79EFBC}") = "BankingApplication_BLL", "BankingApplication_BLL\BankingApplication_BLL.csproj", "{F989C2F2-136F-41DC-803F-E811B648EFB0}"
EndProject
Project("{FAE04EC0-301F-11D3-BF4B-00C04F79EFBC}") = "BankingApplication_BO", "BankingApplication_BO\BankingApplication_BO.csproj", "{0909761E-B86E-46FF-8EE2-C0AEB3DDEB08}"
EndProject
Global
	GlobalSection(SolutionConfigurationPlatforms) = preSolution
		Debug|Any CPU = Debug|Any CPU
		Release|Any CPU = Release|Any CPU
	EndGlobalSection
	GlobalSection(ProjectConfigurationPlatforms) = postSolution
		{95D98739-467C-45B7-A2DD-9AC3452C5B49}.Debug|Any CPU.ActiveCfg = Debug|Any CPU
		{95D98739-467C-45B7-A2DD-9AC3452C5B49}.Debug|Any CPU.Build.0 = Debug|Any CPU
		{95D98739-467C-45B7-A2DD-9AC3452C5B49}.Release|Any CPU.ActiveCfg = Release|Any CPU
		{95D98739-467C-45B7-A2DD-9AC3452C5B49}.Release|Any CPU.Build.0 = Release|Any CPU
		{F989C2F2-136F-41DC-803F-E811B648EFB0}.Debug|Any CPU.ActiveCfg = Debug|Any CPU
		{F989C2F2-136F-41DC-803F-E811B648EFB0}.Debug|Any CPU.Build.0 = Debug|Any CPU
		{F989C2F2-136F-41DC-803F-E811B648EFB0}.Release|Any CPU.ActiveCfg = Release|Any CPU
		{F989C2F2-136F-41DC-803F-E811B648EFB0}.Release|Any CPU.Build.0 = Release|Any CPU
		{0909761E-B86E-46FF-8EE2-C0AEB3DDEB08}.Debug|Any CPU.ActiveCfg = Debug|Any CPU
		{0909761E-B86E-46FF-8EE2-C0AEB3DDEB08}.Debug|Any CPU.Build.0 = Debug|Any CPU
		{0909761E-B86E-46FF-8EE2-C0AEB3DDEB08}.Release|Any CPU.ActiveCfg = Release|Any CPU
		{0909761E-B86E-46FF-8EE2-C0AEB3DDEB08}.Release|Any CPU.Build.0 = Release|Any CPU
	EndGlobalSection
	GlobalSection(SolutionProperties) = preSolution
		HideSolutionNode = FALSE
	EndGlobalSection
	GlobalSection(ExtensibilityGlobals) = postSolution
		SolutionGuid = {411E12FC-218E-48C3-AFCD-492E6DF3A049}
	EndGlobalSection
EndGlobal
