
Microsoft Visual Studio Solution File, Format Version 12.00
# Visual Studio 15
VisualStudioVersion = 15.0.27703.2035
MinimumVisualStudioVersion = 10.0.40219.1
Project("{FAE04EC0-301F-11D3-BF4B-00C04F79EFBC}") = "BankingApplication", "BankingApplication\BankingApplication.csproj", "{804AD518-B68D-4050-B4C4-0D416881D49A}"
EndProject
Project("{FAE04EC0-301F-11D3-BF4B-00C04F79EFBC}") = "BankingApplication_BO", "BankingApplication_BO\BankingApplication_BO.csproj", "{A4A107D9-2779-43CB-B54A-71256107B17B}"
EndProject
Project("{FAE04EC0-301F-11D3-BF4B-00C04F79EFBC}") = "BankingApplication_BLL", "BankingApplication_BLL\BankingApplication_BLL.csproj", "{8E50820F-C165-4E54-BBD9-7BC335BA89BC}"
EndProject
Project("{FAE04EC0-301F-11D3-BF4B-00C04F79EFBC}") = "BankingApplication_DAL", "BankingApplication_DAL\BankingApplication_DAL.csproj", "{8959D107-981B-4839-97AD-996841EB322A}"
EndProject
Global
	GlobalSection(SolutionConfigurationPlatforms) = preSolution
		Debug|Any CPU = Debug|Any CPU
		Release|Any CPU = Release|Any CPU
	EndGlobalSection
	GlobalSection(ProjectConfigurationPlatforms) = postSolution
		{804AD518-B68D-4050-B4C4-0D416881D49A}.Debug|Any CPU.ActiveCfg = Debug|Any CPU
		{804AD518-B68D-4050-B4C4-0D416881D49A}.Debug|Any CPU.Build.0 = Debug|Any CPU
		{804AD518-B68D-4050-B4C4-0D416881D49A}.Release|Any CPU.ActiveCfg = Release|Any CPU
		{804AD518-B68D-4050-B4C4-0D416881D49A}.Release|Any CPU.Build.0 = Release|Any CPU
		{A4A107D9-2779-43CB-B54A-71256107B17B}.Debug|Any CPU.ActiveCfg = Debug|Any CPU
		{A4A107D9-2779-43CB-B54A-71256107B17B}.Debug|Any CPU.Build.0 = Debug|Any CPU
		{A4A107D9-2779-43CB-B54A-71256107B17B}.Release|Any CPU.ActiveCfg = Release|Any CPU
		{A4A107D9-2779-43CB-B54A-71256107B17B}.Release|Any CPU.Build.0 = Release|Any CPU
		{8E50820F-C165-4E54-BBD9-7BC335BA89BC}.Debug|Any CPU.ActiveCfg = Debug|Any CPU
		{8E50820F-C165-4E54-BBD9-7BC335BA89BC}.Debug|Any CPU.Build.0 = Debug|Any CPU
		{8E50820F-C165-4E54-BBD9-7BC335BA89BC}.Release|Any CPU.ActiveCfg = Release|Any CPU
		{8E50820F-C165-4E54-BBD9-7BC335BA89BC}.Release|Any CPU.Build.0 = Release|Any CPU
		{8959D107-981B-4839-97AD-996841EB322A}.Debug|Any CPU.ActiveCfg = Debug|Any CPU
		{8959D107-981B-4839-97AD-996841EB322A}.Debug|Any CPU.Build.0 = Debug|Any CPU
		{8959D107-981B-4839-97AD-996841EB322A}.Release|Any CPU.ActiveCfg = Release|Any CPU
		{8959D107-981B-4839-97AD-996841EB322A}.Release|Any CPU.Build.0 = Release|Any CPU
	EndGlobalSection
	GlobalSection(SolutionProperties) = preSolution
		HideSolutionNode = FALSE
	EndGlobalSection
	GlobalSection(ExtensibilityGlobals) = postSolution
		SolutionGuid = {CDE4A53E-57E9-4A58-B823-3B033D3B9ED7}
	EndGlobalSection
EndGlobal
